// !$*UTF8*$!
{
	archiveVersion = 1;
	classes = {
	};
	objectVersion = 50;
	objects = {

/* Begin PBXBuildFile section */
		16DA628F23725745006EB2C9 /* AppDelegate.swift in Sources */ = {isa = PBXBuildFile; fileRef = 16DA628E23725745006EB2C9 /* AppDelegate.swift */; };
		16DA629123725745006EB2C9 /* art.scnassets in Resources */ = {isa = PBXBuildFile; fileRef = 16DA629023725745006EB2C9 /* art.scnassets */; };
		16DA629323725745006EB2C9 /* ViewController.swift in Sources */ = {isa = PBXBuildFile; fileRef = 16DA629223725745006EB2C9 /* ViewController.swift */; };
		16DA629623725745006EB2C9 /* Main.storyboard in Resources */ = {isa = PBXBuildFile; fileRef = 16DA629423725745006EB2C9 /* Main.storyboard */; };
		16DA629823725750006EB2C9 /* Assets.xcassets in Resources */ = {isa = PBXBuildFile; fileRef = 16DA629723725750006EB2C9 /* Assets.xcassets */; };
		16DA629B23725750006EB2C9 /* LaunchScreen.storyboard in Resources */ = {isa = PBXBuildFile; fileRef = 16DA629923725750006EB2C9 /* LaunchScreen.storyboard */; };
		16DA62A623725750006EB2C9 /* FinalProject_SolarnautTests.swift in Sources */ = {isa = PBXBuildFile; fileRef = 16DA62A523725750006EB2C9 /* FinalProject_SolarnautTests.swift */; };
		16DA62B123725750006EB2C9 /* FinalProject_SolarnautUITests.swift in Sources */ = {isa = PBXBuildFile; fileRef = 16DA62B023725750006EB2C9 /* FinalProject_SolarnautUITests.swift */; };
/* End PBXBuildFile section */

/* Begin PBXContainerItemProxy section */
		16DA62A223725750006EB2C9 /* PBXContainerItemProxy */ = {
			isa = PBXContainerItemProxy;
			containerPortal = 16DA628323725745006EB2C9 /* Project object */;
			proxyType = 1;
			remoteGlobalIDString = 16DA628A23725745006EB2C9;
			remoteInfo = FinalProject_Solarnaut;
		};
		16DA62AD23725750006EB2C9 /* PBXContainerItemProxy */ = {
			isa = PBXContainerItemProxy;
			containerPortal = 16DA628323725745006EB2C9 /* Project object */;
			proxyType = 1;
			remoteGlobalIDString = 16DA628A23725745006EB2C9;
			remoteInfo = FinalProject_Solarnaut;
		};
/* End PBXContainerItemProxy section */

/* Begin PBXFileReference section */
		16DA628B23725745006EB2C9 /* FinalProject_Solarnaut.app */ = {isa = PBXFileReference; explicitFileType = wrapper.application; includeInIndex = 0; path = FinalProject_Solarnaut.app; sourceTree = BUILT_PRODUCTS_DIR; };
		16DA628E23725745006EB2C9 /* AppDelegate.swift */ = {isa = PBXFileReference; lastKnownFileType = sourcecode.swift; path = AppDelegate.swift; sourceTree = "<group>"; };
		16DA629023725745006EB2C9 /* art.scnassets */ = {isa = PBXFileReference; lastKnownFileType = wrapper.scnassets; path = art.scnassets; sourceTree = "<group>"; };
		16DA629223725745006EB2C9 /* ViewController.swift */ = {isa = PBXFileReference; lastKnownFileType = sourcecode.swift; path = ViewController.swift; sourceTree = "<group>"; };
		16DA629523725745006EB2C9 /* Base */ = {isa = PBXFileReference; lastKnownFileType = file.storyboard; name = Base; path = Base.lproj/Main.storyboard; sourceTree = "<group>"; };
		16DA629723725750006EB2C9 /* Assets.xcassets */ = {isa = PBXFileReference; lastKnownFileType = folder.assetcatalog; path = Assets.xcassets; sourceTree = "<group>"; };
		16DA629A23725750006EB2C9 /* Base */ = {isa = PBXFileReference; lastKnownFileType = file.storyboard; name = Base; path = Base.lproj/LaunchScreen.storyboard; sourceTree = "<group>"; };
		16DA629C23725750006EB2C9 /* Info.plist */ = {isa = PBXFileReference; lastKnownFileType = text.plist.xml; path = Info.plist; sourceTree = "<group>"; };
		16DA62A123725750006EB2C9 /* FinalProject_SolarnautTests.xctest */ = {isa = PBXFileReference; explicitFileType = wrapper.cfbundle; includeInIndex = 0; path = FinalProject_SolarnautTests.xctest; sourceTree = BUILT_PRODUCTS_DIR; };
		16DA62A523725750006EB2C9 /* FinalProject_SolarnautTests.swift */ = {isa = PBXFileReference; lastKnownFileType = sourcecode.swift; path = FinalProject_SolarnautTests.swift; sourceTree = "<group>"; };
		16DA62A723725750006EB2C9 /* Info.plist */ = {isa = PBXFileReference; lastKnownFileType = text.plist.xml; path = Info.plist; sourceTree = "<group>"; };
		16DA62AC23725750006EB2C9 /* FinalProject_SolarnautUITests.xctest */ = {isa = PBXFileReference; explicitFileType = wrapper.cfbundle; includeInIndex = 0; path = FinalProject_SolarnautUITests.xctest; sourceTree = BUILT_PRODUCTS_DIR; };
		16DA62B023725750006EB2C9 /* FinalProject_SolarnautUITests.swift */ = {isa = PBXFileReference; lastKnownFileType = sourcecode.swift; path = FinalProject_SolarnautUITests.swift; sourceTree = "<group>"; };
		16DA62B223725750006EB2C9 /* Info.plist */ = {isa = PBXFileReference; lastKnownFileType = text.plist.xml; path = Info.plist; sourceTree = "<group>"; };
/* End PBXFileReference section */

/* Begin PBXFrameworksBuildPhase section */
		16DA628823725745006EB2C9 /* Frameworks */ = {
			isa = PBXFrameworksBuildPhase;
			buildActionMask = 2147483647;
			files = (
			);
			runOnlyForDeploymentPostprocessing = 0;
		};
		16DA629E23725750006EB2C9 /* Frameworks */ = {
			isa = PBXFrameworksBuildPhase;
			buildActionMask = 2147483647;
			files = (
			);
			runOnlyForDeploymentPostprocessing = 0;
		};
		16DA62A923725750006EB2C9 /* Frameworks */ = {
			isa = PBXFrameworksBuildPhase;
			buildActionMask = 2147483647;
			files = (
			);
			runOnlyForDeploymentPostprocessing = 0;
		};
/* End PBXFrameworksBuildPhase section */

/* Begin PBXGroup section */
		16DA628223725745006EB2C9 = {
			isa = PBXGroup;
			children = (
				16DA628D23725745006EB2C9 /* FinalProject_Solarnaut */,
				16DA62A423725750006EB2C9 /* FinalProject_SolarnautTests */,
				16DA62AF23725750006EB2C9 /* FinalProject_SolarnautUITests */,
				16DA628C23725745006EB2C9 /* Products */,
			);
			sourceTree = "<group>";
		};
		16DA628C23725745006EB2C9 /* Products */ = {
			isa = PBXGroup;
			children = (
				16DA628B23725745006EB2C9 /* FinalProject_Solarnaut.app */,
				16DA62A123725750006EB2C9 /* FinalProject_SolarnautTests.xctest */,
				16DA62AC23725750006EB2C9 /* FinalProject_SolarnautUITests.xctest */,
			);
			name = Products;
			sourceTree = "<group>";
		};
		16DA628D23725745006EB2C9 /* FinalProject_Solarnaut */ = {
			isa = PBXGroup;
			children = (
				16DA628E23725745006EB2C9 /* AppDelegate.swift */,
				16DA629023725745006EB2C9 /* art.scnassets */,
				16DA629223725745006EB2C9 /* ViewController.swift */,
				16DA629423725745006EB2C9 /* Main.storyboard */,
				16DA629723725750006EB2C9 /* Assets.xcassets */,
				16DA629923725750006EB2C9 /* LaunchScreen.storyboard */,
				16DA629C23725750006EB2C9 /* Info.plist */,
			);
			path = FinalProject_Solarnaut;
			sourceTree = "<group>";
		};
		16DA62A423725750006EB2C9 /* FinalProject_SolarnautTests */ = {
			isa = PBXGroup;
			children = (
				16DA62A523725750006EB2C9 /* FinalProject_SolarnautTests.swift */,
				16DA62A723725750006EB2C9 /* Info.plist */,
			);
			path = FinalProject_SolarnautTests;
			sourceTree = "<group>";
		};
		16DA62AF23725750006EB2C9 /* FinalProject_SolarnautUITests */ = {
			isa = PBXGroup;
			children = (
				16DA62B023725750006EB2C9 /* FinalProject_SolarnautUITests.swift */,
				16DA62B223725750006EB2C9 /* Info.plist */,
			);
			path = FinalProject_SolarnautUITests;
			sourceTree = "<group>";
		};
/* End PBXGroup section */

/* Begin PBXNativeTarget section */
		16DA628A23725745006EB2C9 /* FinalProject_Solarnaut */ = {
			isa = PBXNativeTarget;
			buildConfigurationList = 16DA62B523725750006EB2C9 /* Build configuration list for PBXNativeTarget "FinalProject_Solarnaut" */;
			buildPhases = (
				16DA628723725745006EB2C9 /* Sources */,
				16DA628823725745006EB2C9 /* Frameworks */,
				16DA628923725745006EB2C9 /* Resources */,
			);
			buildRules = (
			);
			dependencies = (
			);
			name = FinalProject_Solarnaut;
			productName = FinalProject_Solarnaut;
			productReference = 16DA628B23725745006EB2C9 /* FinalProject_Solarnaut.app */;
			productType = "com.apple.product-type.application";
		};
		16DA62A023725750006EB2C9 /* FinalProject_SolarnautTests */ = {
			isa = PBXNativeTarget;
			buildConfigurationList = 16DA62B823725750006EB2C9 /* Build configuration list for PBXNativeTarget "FinalProject_SolarnautTests" */;
			buildPhases = (
				16DA629D23725750006EB2C9 /* Sources */,
				16DA629E23725750006EB2C9 /* Frameworks */,
				16DA629F23725750006EB2C9 /* Resources */,
			);
			buildRules = (
			);
			dependencies = (
				16DA62A323725750006EB2C9 /* PBXTargetDependency */,
			);
			name = FinalProject_SolarnautTests;
			productName = FinalProject_SolarnautTests;
			productReference = 16DA62A123725750006EB2C9 /* FinalProject_SolarnautTests.xctest */;
			productType = "com.apple.product-type.bundle.unit-test";
		};
		16DA62AB23725750006EB2C9 /* FinalProject_SolarnautUITests */ = {
			isa = PBXNativeTarget;
			buildConfigurationList = 16DA62BB23725750006EB2C9 /* Build configuration list for PBXNativeTarget "FinalProject_SolarnautUITests" */;
			buildPhases = (
				16DA62A823725750006EB2C9 /* Sources */,
				16DA62A923725750006EB2C9 /* Frameworks */,
				16DA62AA23725750006EB2C9 /* Resources */,
			);
			buildRules = (
			);
			dependencies = (
				16DA62AE23725750006EB2C9 /* PBXTargetDependency */,
			);
			name = FinalProject_SolarnautUITests;
			productName = FinalProject_SolarnautUITests;
			productReference = 16DA62AC23725750006EB2C9 /* FinalProject_SolarnautUITests.xctest */;
			productType = "com.apple.product-type.bundle.ui-testing";
		};
/* End PBXNativeTarget section */

/* Begin PBXProject section */
		16DA628323725745006EB2C9 /* Project object */ = {
			isa = PBXProject;
			attributes = {
				LastSwiftUpdateCheck = 1020;
				LastUpgradeCheck = 1020;
				ORGANIZATIONNAME = "Sonia Muzemil";
				TargetAttributes = {
					16DA628A23725745006EB2C9 = {
						CreatedOnToolsVersion = 10.2.1;
					};
					16DA62A023725750006EB2C9 = {
						CreatedOnToolsVersion = 10.2.1;
						TestTargetID = 16DA628A23725745006EB2C9;
					};
					16DA62AB23725750006EB2C9 = {
						CreatedOnToolsVersion = 10.2.1;
						TestTargetID = 16DA628A23725745006EB2C9;
					};
				};
			};
			buildConfigurationList = 16DA628623725745006EB2C9 /* Build configuration list for PBXProject "FinalProject_Solarnaut" */;
			compatibilityVersion = "Xcode 9.3";
			developmentRegion = en;
			hasScannedForEncodings = 0;
			knownRegions = (
				en,
				Base,
			);
			mainGroup = 16DA628223725745006EB2C9;
			productRefGroup = 16DA628C23725745006EB2C9 /* Products */;
			projectDirPath = "";
			projectRoot = "";
			targets = (
				16DA628A23725745006EB2C9 /* FinalProject_Solarnaut */,
				16DA62A023725750006EB2C9 /* FinalProject_SolarnautTests */,
				16DA62AB23725750006EB2C9 /* FinalProject_SolarnautUITests */,
			);
		};
/* End PBXProject section */

/* Begin PBXResourcesBuildPhase section */
		16DA628923725745006EB2C9 /* Resources */ = {
			isa = PBXResourcesBuildPhase;
			buildActionMask = 2147483647;
			files = (
				16DA629123725745006EB2C9 /* art.scnassets in Resources */,
				16DA629B23725750006EB2C9 /* LaunchScreen.storyboard in Resources */,
				16DA629823725750006EB2C9 /* Assets.xcassets in Resources */,
				16DA629623725745006EB2C9 /* Main.storyboard in Resources */,
			);
			runOnlyForDeploymentPostprocessing = 0;
		};
		16DA629F23725750006EB2C9 /* Resources */ = {
			isa = PBXResourcesBuildPhase;
			buildActionMask = 2147483647;
			files = (
			);
			runOnlyForDeploymentPostprocessing = 0;
		};
		16DA62AA23725750006EB2C9 /* Resources */ = {
			isa = PBXResourcesBuildPhase;
			buildActionMask = 2147483647;
			files = (
			);
			runOnlyForDeploymentPostprocessing = 0;
		};
/* End PBXResourcesBuildPhase section */

/* Begin PBXSourcesBuildPhase section */
		16DA628723725745006EB2C9 /* Sources */ = {
			isa = PBXSourcesBuildPhase;
			buildActionMask = 2147483647;
			files = (
				16DA629323725745006EB2C9 /* ViewController.swift in Sources */,
				16DA628F23725745006EB2C9 /* AppDelegate.swift in Sources */,
			);
			runOnlyForDeploymentPostprocessing = 0;
		};
		16DA629D23725750006EB2C9 /* Sources */ = {
			isa = PBXSourcesBuildPhase;
			buildActionMask = 2147483647;
			files = (
				16DA62A623725750006EB2C9 /* FinalProject_SolarnautTests.swift in Sources */,
			);
			runOnlyForDeploymentPostprocessing = 0;
		};
		16DA62A823725750006EB2C9 /* Sources */ = {
			isa = PBXSourcesBuildPhase;
			buildActionMask = 2147483647;
			files = (
				16DA62B123725750006EB2C9 /* FinalProject_SolarnautUITests.swift in Sources */,
			);
			runOnlyForDeploymentPostprocessing = 0;
		};
/* End PBXSourcesBuildPhase section */

/* Begin PBXTargetDependency section */
		16DA62A323725750006EB2C9 /* PBXTargetDependency */ = {
			isa = PBXTargetDependency;
			target = 16DA628A23725745006EB2C9 /* FinalProject_Solarnaut */;
			targetProxy = 16DA62A223725750006EB2C9 /* PBXContainerItemProxy */;
		};
		16DA62AE23725750006EB2C9 /* PBXTargetDependency */ = {
			isa = PBXTargetDependency;
			target = 16DA628A23725745006EB2C9 /* FinalProject_Solarnaut */;
			targetProxy = 16DA62AD23725750006EB2C9 /* PBXContainerItemProxy */;
		};
/* End PBXTargetDependency section */

/* Begin PBXVariantGroup section */
		16DA629423725745006EB2C9 /* Main.storyboard */ = {
			isa = PBXVariantGroup;
			children = (
				16DA629523725745006EB2C9 /* Base */,
			);
			name = Main.storyboard;
			sourceTree = "<group>";
		};
		16DA629923725750006EB2C9 /* LaunchScreen.storyboard */ = {
			isa = PBXVariantGroup;
			children = (
				16DA629A23725750006EB2C9 /* Base */,
			);
			name = LaunchScreen.storyboard;
			sourceTree = "<group>";
		};
/* End PBXVariantGroup section */

/* Begin XCBuildConfiguration section */
		16DA62B323725750006EB2C9 /* Debug */ = {
			isa = XCBuildConfiguration;
			buildSettings = {
				ALWAYS_SEARCH_USER_PATHS = NO;
				CLANG_ANALYZER_NONNULL = YES;
				CLANG_ANALYZER_NUMBER_OBJECT_CONVERSION = YES_AGGRESSIVE;
				CLANG_CXX_LANGUAGE_STANDARD = "gnu++14";
				CLANG_CXX_LIBRARY = "libc++";
				CLANG_ENABLE_MODULES = YES;
				CLANG_ENABLE_OBJC_ARC = YES;
				CLANG_ENABLE_OBJC_WEAK = YES;
				CLANG_WARN_BLOCK_CAPTURE_AUTORELEASING = YES;
				CLANG_WARN_BOOL_CONVERSION = YES;
				CLANG_WARN_COMMA = YES;
				CLANG_WARN_CONSTANT_CONVERSION = YES;
				CLANG_WARN_DEPRECATED_OBJC_IMPLEMENTATIONS = YES;
				CLANG_WARN_DIRECT_OBJC_ISA_USAGE = YES_ERROR;
				CLANG_WARN_DOCUMENTATION_COMMENTS = YES;
				CLANG_WARN_EMPTY_BODY = YES;
				CLANG_WARN_ENUM_CONVERSION = YES;
				CLANG_WARN_INFINITE_RECURSION = YES;
				CLANG_WARN_INT_CONVERSION = YES;
				CLANG_WARN_NON_LITERAL_NULL_CONVERSION = YES;
				CLANG_WARN_OBJC_IMPLICIT_RETAIN_SELF = YES;
				CLANG_WARN_OBJC_LITERAL_CONVERSION = YES;
				CLANG_WARN_OBJC_ROOT_CLASS = YES_ERROR;
				CLANG_WARN_RANGE_LOOP_ANALYSIS = YES;
				CLANG_WARN_STRICT_PROTOTYPES = YES;
				CLANG_WARN_SUSPICIOUS_MOVE = YES;
				CLANG_WARN_UNGUARDED_AVAILABILITY = YES_AGGRESSIVE;
				CLANG_WARN_UNREACHABLE_CODE = YES;
				CLANG_WARN__DUPLICATE_METHOD_MATCH = YES;
				CODE_SIGN_IDENTITY = "iPhone Developer";
				COPY_PHASE_STRIP = NO;
				DEBUG_INFORMATION_FORMAT = dwarf;
				ENABLE_STRICT_OBJC_MSGSEND = YES;
				ENABLE_TESTABILITY = YES;
				GCC_C_LANGUAGE_STANDARD = gnu11;
				GCC_DYNAMIC_NO_PIC = NO;
				GCC_NO_COMMON_BLOCKS = YES;
				GCC_OPTIMIZATION_LEVEL = 0;
				GCC_PREPROCESSOR_DEFINITIONS = (
					"DEBUG=1",
					"$(inherited)",
				);
				GCC_WARN_64_TO_32_BIT_CONVERSION = YES;
				GCC_WARN_ABOUT_RETURN_TYPE = YES_ERROR;
				GCC_WARN_UNDECLARED_SELECTOR = YES;
				GCC_WARN_UNINITIALIZED_AUTOS = YES_AGGRESSIVE;
				GCC_WARN_UNUSED_FUNCTION = YES;
				GCC_WARN_UNUSED_VARIABLE = YES;
				IPHONEOS_DEPLOYMENT_TARGET = 12.2;
				MTL_ENABLE_DEBUG_INFO = INCLUDE_SOURCE;
				MTL_FAST_MATH = YES;
				ONLY_ACTIVE_ARCH = YES;
				SDKROOT = iphoneos;
				SWIFT_ACTIVE_COMPILATION_CONDITIONS = DEBUG;
				SWIFT_OPTIMIZATION_LEVEL = "-Onone";
			};
			name = Debug;
		};
		16DA62B423725750006EB2C9 /* Release */ = {
			isa = XCBuildConfiguration;
			buildSettings = {
				ALWAYS_SEARCH_USER_PATHS = NO;
				CLANG_ANALYZER_NONNULL = YES;
				CLANG_ANALYZER_NUMBER_OBJECT_CONVERSION = YES_AGGRESSIVE;
				CLANG_CXX_LANGUAGE_STANDARD = "gnu++14";
				CLANG_CXX_LIBRARY = "libc++";
				CLANG_ENABLE_MODULES = YES;
				CLANG_ENABLE_OBJC_ARC = YES;
				CLANG_ENABLE_OBJC_WEAK = YES;
				CLANG_WARN_BLOCK_CAPTURE_AUTORELEASING = YES;
				CLANG_WARN_BOOL_CONVERSION = YES;
				CLANG_WARN_COMMA = YES;
				CLANG_WARN_CONSTANT_CONVERSION = YES;
				CLANG_WARN_DEPRECATED_OBJC_IMPLEMENTATIONS = YES;
				CLANG_WARN_DIRECT_OBJC_ISA_USAGE = YES_ERROR;
				CLANG_WARN_DOCUMENTATION_COMMENTS = YES;
				CLANG_WARN_EMPTY_BODY = YES;
				CLANG_WARN_ENUM_CONVERSION = YES;
				CLANG_WARN_INFINITE_RECURSION = YES;
				CLANG_WARN_INT_CONVERSION = YES;
				CLANG_WARN_NON_LITERAL_NULL_CONVERSION = YES;
				CLANG_WARN_OBJC_IMPLICIT_RETAIN_SELF = YES;
				CLANG_WARN_OBJC_LITERAL_CONVERSION = YES;
				CLANG_WARN_OBJC_ROOT_CLASS = YES_ERROR;
				CLANG_WARN_RANGE_LOOP_ANALYSIS = YES;
				CLANG_WARN_STRICT_PROTOTYPES = YES;
				CLANG_WARN_SUSPICIOUS_MOVE = YES;
				CLANG_WARN_UNGUARDED_AVAILABILITY = YES_AGGRESSIVE;
				CLANG_WARN_UNREACHABLE_CODE = YES;
				CLANG_WARN__DUPLICATE_METHOD_MATCH = YES;
				CODE_SIGN_IDENTITY = "iPhone Developer";
				COPY_PHASE_STRIP = NO;
				DEBUG_INFORMATION_FORMAT = "dwarf-with-dsym";
				ENABLE_NS_ASSERTIONS = NO;
				ENABLE_STRICT_OBJC_MSGSEND = YES;
				GCC_C_LANGUAGE_STANDARD = gnu11;
				GCC_NO_COMMON_BLOCKS = YES;
				GCC_WARN_64_TO_32_BIT_CONVERSION = YES;
				GCC_WARN_ABOUT_RETURN_TYPE = YES_ERROR;
				GCC_WARN_UNDECLARED_SELECTOR = YES;
				GCC_WARN_UNINITIALIZED_AUTOS = YES_AGGRESSIVE;
				GCC_WARN_UNUSED_FUNCTION = YES;
				GCC_WARN_UNUSED_VARIABLE = YES;
				IPHONEOS_DEPLOYMENT_TARGET = 12.2;
				MTL_ENABLE_DEBUG_INFO = NO;
				MTL_FAST_MATH = YES;
				SDKROOT = iphoneos;
				SWIFT_COMPILATION_MODE = wholemodule;
				SWIFT_OPTIMIZATION_LEVEL = "-O";
				VALIDATE_PRODUCT = YES;
			};
			name = Release;
		};
		16DA62B623725750006EB2C9 /* Debug */ = {
			isa = XCBuildConfiguration;
			buildSettings = {
				ASSETCATALOG_COMPILER_APPICON_NAME = AppIcon;
				CODE_SIGN_STYLE = Automatic;
				DEVELOPMENT_TEAM = H94XLUKVAT;
				INFOPLIST_FILE = FinalProject_Solarnaut/Info.plist;
				LD_RUNPATH_SEARCH_PATHS = (
					"$(inherited)",
					"@executable_path/Frameworks",
				);
				PRODUCT_BUNDLE_IDENTIFIER = "sonia.FinalProject-Solarnaut";
				PRODUCT_NAME = "$(TARGET_NAME)";
				SWIFT_VERSION = 5.0;
				TARGETED_DEVICE_FAMILY = "1,2";
			};
			name = Debug;
		};
		16DA62B723725750006EB2C9 /* Release */ = {
			isa = XCBuildConfiguration;
			buildSettings = {
				ASSETCATALOG_COMPILER_APPICON_NAME = AppIcon;
				CODE_SIGN_STYLE = Automatic;
				DEVELOPMENT_TEAM = H94XLUKVAT;
				INFOPLIST_FILE = FinalProject_Solarnaut/Info.plist;
				LD_RUNPATH_SEARCH_PATHS = (
					"$(inherited)",
					"@executable_path/Frameworks",
				);
				PRODUCT_BUNDLE_IDENTIFIER = "sonia.FinalProject-Solarnaut";
				PRODUCT_NAME = "$(TARGET_NAME)";
				SWIFT_VERSION = 5.0;
				TARGETED_DEVICE_FAMILY = "1,2";
			};
			name = Release;
		};
		16DA62B923725750006EB2C9 /* Debug */ = {
			isa = XCBuildConfiguration;
			buildSettings = {
				ALWAYS_EMBED_SWIFT_STANDARD_LIBRARIES = YES;
				BUNDLE_LOADER = "$(TEST_HOST)";
				CODE_SIGN_STYLE = Automatic;
				DEVELOPMENT_TEAM = H94XLUKVAT;
				INFOPLIST_FILE = FinalProject_SolarnautTests/Info.plist;
				LD_RUNPATH_SEARCH_PATHS = (
					"$(inherited)",
					"@executable_path/Frameworks",
					"@loader_path/Frameworks",
				);
				PRODUCT_BUNDLE_IDENTIFIER = "sonia.FinalProject-SolarnautTests";
				PRODUCT_NAME = "$(TARGET_NAME)";
				SWIFT_VERSION = 5.0;
				TARGETED_DEVICE_FAMILY = "1,2";
				TEST_HOST = "$(BUILT_PRODUCTS_DIR)/FinalProject_Solarnaut.app/FinalProject_Solarnaut";
			};
			name = Debug;
		};
		16DA62BA23725750006EB2C9 /* Release */ = {
			isa = XCBuildConfiguration;
			buildSettings = {
				ALWAYS_EMBED_SWIFT_STANDARD_LIBRARIES = YES;
				BUNDLE_LOADER = "$(TEST_HOST)";
				CODE_SIGN_STYLE = Automatic;
				DEVELOPMENT_TEAM = H94XLUKVAT;
				INFOPLIST_FILE = FinalProject_SolarnautTests/Info.plist;
				LD_RUNPATH_SEARCH_PATHS = (
					"$(inherited)",
					"@executable_path/Frameworks",
					"@loader_path/Frameworks",
				);
				PRODUCT_BUNDLE_IDENTIFIER = "sonia.FinalProject-SolarnautTests";
				PRODUCT_NAME = "$(TARGET_NAME)";
				SWIFT_VERSION = 5.0;
				TARGETED_DEVICE_FAMILY = "1,2";
				TEST_HOST = "$(BUILT_PRODUCTS_DIR)/FinalProject_Solarnaut.app/FinalProject_Solarnaut";
			};
			name = Release;
		};
		16DA62BC23725750006EB2C9 /* Debug */ = {
			isa = XCBuildConfiguration;
			buildSettings = {
				ALWAYS_EMBED_SWIFT_STANDARD_LIBRARIES = YES;
				CODE_SIGN_STYLE = Automatic;
				DEVELOPMENT_TEAM = H94XLUKVAT;
				INFOPLIST_FILE = FinalProject_SolarnautUITests/Info.plist;
				LD_RUNPATH_SEARCH_PATHS = (
					"$(inherited)",
					"@executable_path/Frameworks",
					"@loader_path/Frameworks",
				);
				PRODUCT_BUNDLE_IDENTIFIER = "sonia.FinalProject-SolarnautUITests";
				PRODUCT_NAME = "$(TARGET_NAME)";
				SWIFT_VERSION = 5.0;
				TARGETED_DEVICE_FAMILY = "1,2";
				TEST_TARGET_NAME = FinalProject_Solarnaut;
			};
			name = Debug;
		};
		16DA62BD23725750006EB2C9 /* Release */ = {
			isa = XCBuildConfiguration;
			buildSettings = {
				ALWAYS_EMBED_SWIFT_STANDARD_LIBRARIES = YES;
				CODE_SIGN_STYLE = Automatic;
				DEVELOPMENT_TEAM = H94XLUKVAT;
				INFOPLIST_FILE = FinalProject_SolarnautUITests/Info.plist;
				LD_RUNPATH_SEARCH_PATHS = (
					"$(inherited)",
					"@executable_path/Frameworks",
					"@loader_path/Frameworks",
				);
				PRODUCT_BUNDLE_IDENTIFIER = "sonia.FinalProject-SolarnautUITests";
				PRODUCT_NAME = "$(TARGET_NAME)";
				SWIFT_VERSION = 5.0;
				TARGETED_DEVICE_FAMILY = "1,2";
				TEST_TARGET_NAME = FinalProject_Solarnaut;
			};
			name = Release;
		};
/* End XCBuildConfiguration section */

/* Begin XCConfigurationList section */
		16DA628623725745006EB2C9 /* Build configuration list for PBXProject "FinalProject_Solarnaut" */ = {
			isa = XCConfigurationList;
			buildConfigurations = (
				16DA62B323725750006EB2C9 /* Debug */,
				16DA62B423725750006EB2C9 /* Release */,
			);
			defaultConfigurationIsVisible = 0;
			defaultConfigurationName = Release;
		};
		16DA62B523725750006EB2C9 /* Build configuration list for PBXNativeTarget "FinalProject_Solarnaut" */ = {
			isa = XCConfigurationList;
			buildConfigurations = (
				16DA62B623725750006EB2C9 /* Debug */,
				16DA62B723725750006EB2C9 /* Release */,
			);
			defaultConfigurationIsVisible = 0;
			defaultConfigurationName = Release;
		};
		16DA62B823725750006EB2C9 /* Build configuration list for PBXNativeTarget "FinalProject_SolarnautTests" */ = {
			isa = XCConfigurationList;
			buildConfigurations = (
				16DA62B923725750006EB2C9 /* Debug */,
				16DA62BA23725750006EB2C9 /* Release */,
			);
			defaultConfigurationIsVisible = 0;
			defaultConfigurationName = Release;
		};
		16DA62BB23725750006EB2C9 /* Build configuration list for PBXNativeTarget "FinalProject_SolarnautUITests" */ = {
			isa = XCConfigurationList;
			buildConfigurations = (
				16DA62BC23725750006EB2C9 /* Debug */,
				16DA62BD23725750006EB2C9 /* Release */,
			);
			defaultConfigurationIsVisible = 0;
			defaultConfigurationName = Release;
		};
/* End XCConfigurationList section */
	};
	rootObject = 16DA628323725745006EB2C9 /* Project object */;
}
